// !$*UTF8*$!
{
	archiveVersion = 1;
	classes = {
	};
	objectVersion = 46;
	objects = {

/* Begin PBXBuildFile section */
		F6598A591B0C3C82002E4EAA /* AppDelegate.swift in Sources */ = {isa = PBXBuildFile; fileRef = F6598A581B0C3C82002E4EAA /* AppDelegate.swift */; };
		F6598A5B1B0C3C82002E4EAA /* ViewController.swift in Sources */ = {isa = PBXBuildFile; fileRef = F6598A5A1B0C3C82002E4EAA /* ViewController.swift */; };
		F6598A5E1B0C3C82002E4EAA /* Main.storyboard in Resources */ = {isa = PBXBuildFile; fileRef = F6598A5C1B0C3C82002E4EAA /* Main.storyboard */; };
		F6598A601B0C3C82002E4EAA /* Images.xcassets in Resources */ = {isa = PBXBuildFile; fileRef = F6598A5F1B0C3C82002E4EAA /* Images.xcassets */; };
		F6598A631B0C3C82002E4EAA /* LaunchScreen.xib in Resources */ = {isa = PBXBuildFile; fileRef = F6598A611B0C3C82002E4EAA /* LaunchScreen.xib */; };
		F6598A6F1B0C3C82002E4EAA /* SidebarSwiftTests.swift in Sources */ = {isa = PBXBuildFile; fileRef = F6598A6E1B0C3C82002E4EAA /* SidebarSwiftTests.swift */; };
		F6598A7E1B0C3CB0002E4EAA /* menuChat.png in Resources */ = {isa = PBXBuildFile; fileRef = F6598A791B0C3CB0002E4EAA /* menuChat.png */; };
		F6598A7F1B0C3CB0002E4EAA /* menuClose.png in Resources */ = {isa = PBXBuildFile; fileRef = F6598A7A1B0C3CB0002E4EAA /* menuClose.png */; };
		F6598A801B0C3CB0002E4EAA /* menuMap.png in Resources */ = {isa = PBXBuildFile; fileRef = F6598A7B1B0C3CB0002E4EAA /* menuMap.png */; };
		F6598A811B0C3CB0002E4EAA /* menuUsers.png in Resources */ = {isa = PBXBuildFile; fileRef = F6598A7C1B0C3CB0002E4EAA /* menuUsers.png */; };
		F6598A821B0C3CB0002E4EAA /* menuIcon.png in Resources */ = {isa = PBXBuildFile; fileRef = F6598A7D1B0C3CB0002E4EAA /* menuIcon.png */; };
		F6AB77F01B14D74300D786B0 /* SideBarController.swift in Sources */ = {isa = PBXBuildFile; fileRef = F6AB77EF1B14D74300D786B0 /* SideBarController.swift */; };
/* End PBXBuildFile section */

/* Begin PBXContainerItemProxy section */
		F6598A691B0C3C82002E4EAA /* PBXContainerItemProxy */ = {
			isa = PBXContainerItemProxy;
			containerPortal = F6598A4B1B0C3C82002E4EAA /* Project object */;
			proxyType = 1;
			remoteGlobalIDString = F6598A521B0C3C82002E4EAA;
			remoteInfo = SidebarSwift;
		};
/* End PBXContainerItemProxy section */

/* Begin PBXFileReference section */
		F6598A531B0C3C82002E4EAA /* SidebarSwift.app */ = {isa = PBXFileReference; explicitFileType = wrapper.application; includeInIndex = 0; path = SidebarSwift.app; sourceTree = BUILT_PRODUCTS_DIR; };
		F6598A571B0C3C82002E4EAA /* Info.plist */ = {isa = PBXFileReference; lastKnownFileType = text.plist.xml; path = Info.plist; sourceTree = "<group>"; };
		F6598A581B0C3C82002E4EAA /* AppDelegate.swift */ = {isa = PBXFileReference; lastKnownFileType = sourcecode.swift; path = AppDelegate.swift; sourceTree = "<group>"; };
		F6598A5A1B0C3C82002E4EAA /* ViewController.swift */ = {isa = PBXFileReference; lastKnownFileType = sourcecode.swift; path = ViewController.swift; sourceTree = "<group>"; };
		F6598A5D1B0C3C82002E4EAA /* Base */ = {isa = PBXFileReference; lastKnownFileType = file.storyboard; name = Base; path = Base.lproj/Main.storyboard; sourceTree = "<group>"; };
		F6598A5F1B0C3C82002E4EAA /* Images.xcassets */ = {isa = PBXFileReference; lastKnownFileType = folder.assetcatalog; path = Images.xcassets; sourceTree = "<group>"; };
		F6598A621B0C3C82002E4EAA /* Base */ = {isa = PBXFileReference; lastKnownFileType = file.xib; name = Base; path = Base.lproj/LaunchScreen.xib; sourceTree = "<group>"; };
		F6598A681B0C3C82002E4EAA /* SidebarSwiftTests.xctest */ = {isa = PBXFileReference; explicitFileType = wrapper.cfbundle; includeInIndex = 0; path = SidebarSwiftTests.xctest; sourceTree = BUILT_PRODUCTS_DIR; };
		F6598A6D1B0C3C82002E4EAA /* Info.plist */ = {isa = PBXFileReference; lastKnownFileType = text.plist.xml; path = Info.plist; sourceTree = "<group>"; };
		F6598A6E1B0C3C82002E4EAA /* SidebarSwiftTests.swift */ = {isa = PBXFileReference; lastKnownFileType = sourcecode.swift; path = SidebarSwiftTests.swift; sourceTree = "<group>"; };
		F6598A791B0C3CB0002E4EAA /* menuChat.png */ = {isa = PBXFileReference; lastKnownFileType = image.png; path = menuChat.png; sourceTree = "<group>"; };
		F6598A7A1B0C3CB0002E4EAA /* menuClose.png */ = {isa = PBXFileReference; lastKnownFileType = image.png; path = menuClose.png; sourceTree = "<group>"; };
		F6598A7B1B0C3CB0002E4EAA /* menuMap.png */ = {isa = PBXFileReference; lastKnownFileType = image.png; path = menuMap.png; sourceTree = "<group>"; };
		F6598A7C1B0C3CB0002E4EAA /* menuUsers.png */ = {isa = PBXFileReference; lastKnownFileType = image.png; path = menuUsers.png; sourceTree = "<group>"; };
		F6598A7D1B0C3CB0002E4EAA /* menuIcon.png */ = {isa = PBXFileReference; lastKnownFileType = image.png; path = menuIcon.png; sourceTree = "<group>"; };
		F6AB77EF1B14D74300D786B0 /* SideBarController.swift */ = {isa = PBXFileReference; fileEncoding = 4; lastKnownFileType = sourcecode.swift; path = SideBarController.swift; sourceTree = "<group>"; };
/* End PBXFileReference section */

/* Begin PBXFrameworksBuildPhase section */
		F6598A501B0C3C82002E4EAA /* Frameworks */ = {
			isa = PBXFrameworksBuildPhase;
			buildActionMask = 2147483647;
			files = (
			);
			runOnlyForDeploymentPostprocessing = 0;
		};
		F6598A651B0C3C82002E4EAA /* Frameworks */ = {
			isa = PBXFrameworksBuildPhase;
			buildActionMask = 2147483647;
			files = (
			);
			runOnlyForDeploymentPostprocessing = 0;
		};
/* End PBXFrameworksBuildPhase section */

/* Begin PBXGroup section */
		F6598A4A1B0C3C82002E4EAA = {
			isa = PBXGroup;
			children = (
				F6598A551B0C3C82002E4EAA /* SidebarSwift */,
				F6598A6B1B0C3C82002E4EAA /* SidebarSwiftTests */,
				F6598A541B0C3C82002E4EAA /* Products */,
			);
			sourceTree = "<group>";
		};
		F6598A541B0C3C82002E4EAA /* Products */ = {
			isa = PBXGroup;
			children = (
				F6598A531B0C3C82002E4EAA /* SidebarSwift.app */,
				F6598A681B0C3C82002E4EAA /* SidebarSwiftTests.xctest */,
			);
			name = Products;
			sourceTree = "<group>";
		};
		F6598A551B0C3C82002E4EAA /* SidebarSwift */ = {
			isa = PBXGroup;
			children = (
				F6598A831B0C3CBD002E4EAA /* sidebar */,
				F6598A781B0C3C95002E4EAA /* icons */,
				F6598A581B0C3C82002E4EAA /* AppDelegate.swift */,
				F6AB77EF1B14D74300D786B0 /* SideBarController.swift */,
				F6598A5A1B0C3C82002E4EAA /* ViewController.swift */,
				F6598A5C1B0C3C82002E4EAA /* Main.storyboard */,
				F6598A5F1B0C3C82002E4EAA /* Images.xcassets */,
				F6598A611B0C3C82002E4EAA /* LaunchScreen.xib */,
				F6598A561B0C3C82002E4EAA /* Supporting Files */,
			);
			path = SidebarSwift;
			sourceTree = "<group>";
		};
		F6598A561B0C3C82002E4EAA /* Supporting Files */ = {
			isa = PBXGroup;
			children = (
				F6598A571B0C3C82002E4EAA /* Info.plist */,
			);
			name = "Supporting Files";
			sourceTree = "<group>";
		};
		F6598A6B1B0C3C82002E4EAA /* SidebarSwiftTests */ = {
			isa = PBXGroup;
			children = (
				F6598A6E1B0C3C82002E4EAA /* SidebarSwiftTests.swift */,
				F6598A6C1B0C3C82002E4EAA /* Supporting Files */,
			);
			path = SidebarSwiftTests;
			sourceTree = "<group>";
		};
		F6598A6C1B0C3C82002E4EAA /* Supporting Files */ = {
			isa = PBXGroup;
			children = (
				F6598A6D1B0C3C82002E4EAA /* Info.plist */,
			);
			name = "Supporting Files";
			sourceTree = "<group>";
		};
		F6598A781B0C3C95002E4EAA /* icons */ = {
			isa = PBXGroup;
			children = (
				F6598A791B0C3CB0002E4EAA /* menuChat.png */,
				F6598A7A1B0C3CB0002E4EAA /* menuClose.png */,
				F6598A7B1B0C3CB0002E4EAA /* menuMap.png */,
				F6598A7C1B0C3CB0002E4EAA /* menuUsers.png */,
				F6598A7D1B0C3CB0002E4EAA /* menuIcon.png */,
			);
			name = icons;
			sourceTree = "<group>";
		};
		F6598A831B0C3CBD002E4EAA /* sidebar */ = {
			isa = PBXGroup;
			children = (
			);
			name = sidebar;
			sourceTree = "<group>";
		};
/* End PBXGroup section */

/* Begin PBXNativeTarget section */
		F6598A521B0C3C82002E4EAA /* SidebarSwift */ = {
			isa = PBXNativeTarget;
			buildConfigurationList = F6598A721B0C3C82002E4EAA /* Build configuration list for PBXNativeTarget "SidebarSwift" */;
			buildPhases = (
				F6598A4F1B0C3C82002E4EAA /* Sources */,
				F6598A501B0C3C82002E4EAA /* Frameworks */,
				F6598A511B0C3C82002E4EAA /* Resources */,
			);
			buildRules = (
			);
			dependencies = (
			);
			name = SidebarSwift;
			productName = SidebarSwift;
			productReference = F6598A531B0C3C82002E4EAA /* SidebarSwift.app */;
			productType = "com.apple.product-type.application";
		};
		F6598A671B0C3C82002E4EAA /* SidebarSwiftTests */ = {
			isa = PBXNativeTarget;
			buildConfigurationList = F6598A751B0C3C82002E4EAA /* Build configuration list for PBXNativeTarget "SidebarSwiftTests" */;
			buildPhases = (
				F6598A641B0C3C82002E4EAA /* Sources */,
				F6598A651B0C3C82002E4EAA /* Frameworks */,
				F6598A661B0C3C82002E4EAA /* Resources */,
			);
			buildRules = (
			);
			dependencies = (
				F6598A6A1B0C3C82002E4EAA /* PBXTargetDependency */,
			);
			name = SidebarSwiftTests;
			productName = SidebarSwiftTests;
			productReference = F6598A681B0C3C82002E4EAA /* SidebarSwiftTests.xctest */;
			productType = "com.apple.product-type.bundle.unit-test";
		};
/* End PBXNativeTarget section */

/* Begin PBXProject section */
		F6598A4B1B0C3C82002E4EAA /* Project object */ = {
			isa = PBXProject;
			attributes = {
				LastUpgradeCheck = 0630;
				ORGANIZATIONNAME = "Flying Saucer";
				TargetAttributes = {
					F6598A521B0C3C82002E4EAA = {
						CreatedOnToolsVersion = 6.3.1;
					};
					F6598A671B0C3C82002E4EAA = {
						CreatedOnToolsVersion = 6.3.1;
						TestTargetID = F6598A521B0C3C82002E4EAA;
					};
				};
			};
			buildConfigurationList = F6598A4E1B0C3C82002E4EAA /* Build configuration list for PBXProject "SidebarSwift" */;
			compatibilityVersion = "Xcode 3.2";
			developmentRegion = English;
			hasScannedForEncodings = 0;
			knownRegions = (
				en,
				Base,
			);
			mainGroup = F6598A4A1B0C3C82002E4EAA;
			productRefGroup = F6598A541B0C3C82002E4EAA /* Products */;
			projectDirPath = "";
			projectRoot = "";
			targets = (
				F6598A521B0C3C82002E4EAA /* SidebarSwift */,
				F6598A671B0C3C82002E4EAA /* SidebarSwiftTests */,
			);
		};
/* End PBXProject section */

/* Begin PBXResourcesBuildPhase section */
		F6598A511B0C3C82002E4EAA /* Resources */ = {
			isa = PBXResourcesBuildPhase;
			buildActionMask = 2147483647;
			files = (
				F6598A7E1B0C3CB0002E4EAA /* menuChat.png in Resources */,
				F6598A801B0C3CB0002E4EAA /* menuMap.png in Resources */,
				F6598A5E1B0C3C82002E4EAA /* Main.storyboard in Resources */,
				F6598A631B0C3C82002E4EAA /* LaunchScreen.xib in Resources */,
				F6598A7F1B0C3CB0002E4EAA /* menuClose.png in Resources */,
				F6598A821B0C3CB0002E4EAA /* menuIcon.png in Resources */,
				F6598A601B0C3C82002E4EAA /* Images.xcassets in Resources */,
				F6598A811B0C3CB0002E4EAA /* menuUsers.png in Resources */,
			);
			runOnlyForDeploymentPostprocessing = 0;
		};
		F6598A661B0C3C82002E4EAA /* Resources */ = {
			isa = PBXResourcesBuildPhase;
			buildActionMask = 2147483647;
			files = (
			);
			runOnlyForDeploymentPostprocessing = 0;
		};
/* End PBXResourcesBuildPhase section */

/* Begin PBXSourcesBuildPhase section */
		F6598A4F1B0C3C82002E4EAA /* Sources */ = {
			isa = PBXSourcesBuildPhase;
			buildActionMask = 2147483647;
			files = (
				F6598A5B1B0C3C82002E4EAA /* ViewController.swift in Sources */,
				F6598A591B0C3C82002E4EAA /* AppDelegate.swift in Sources */,
				F6AB77F01B14D74300D786B0 /* SideBarController.swift in Sources */,
			);
			runOnlyForDeploymentPostprocessing = 0;
		};
		F6598A641B0C3C82002E4EAA /* Sources */ = {
			isa = PBXSourcesBuildPhase;
			buildActionMask = 2147483647;
			files = (
				F6598A6F1B0C3C82002E4EAA /* SidebarSwiftTests.swift in Sources */,
			);
			runOnlyForDeploymentPostprocessing = 0;
		};
/* End PBXSourcesBuildPhase section */

/* Begin PBXTargetDependency section */
		F6598A6A1B0C3C82002E4EAA /* PBXTargetDependency */ = {
			isa = PBXTargetDependency;
			target = F6598A521B0C3C82002E4EAA /* SidebarSwift */;
			targetProxy = F6598A691B0C3C82002E4EAA /* PBXContainerItemProxy */;
		};
/* End PBXTargetDependency section */

/* Begin PBXVariantGroup section */
		F6598A5C1B0C3C82002E4EAA /* Main.storyboard */ = {
			isa = PBXVariantGroup;
			children = (
				F6598A5D1B0C3C82002E4EAA /* Base */,
			);
			name = Main.storyboard;
			sourceTree = "<group>";
		};
		F6598A611B0C3C82002E4EAA /* LaunchScreen.xib */ = {
			isa = PBXVariantGroup;
			children = (
				F6598A621B0C3C82002E4EAA /* Base */,
			);
			name = LaunchScreen.xib;
			sourceTree = "<group>";
		};
/* End PBXVariantGroup section */

/* Begin XCBuildConfiguration section */
		F6598A701B0C3C82002E4EAA /* Debug */ = {
			isa = XCBuildConfiguration;
			buildSettings = {
				ALWAYS_SEARCH_USER_PATHS = NO;
				CLANG_CXX_LANGUAGE_STANDARD = "gnu++0x";
				CLANG_CXX_LIBRARY = "libc++";
				CLANG_ENABLE_MODULES = YES;
				CLANG_ENABLE_OBJC_ARC = YES;
				CLANG_WARN_BOOL_CONVERSION = YES;
				CLANG_WARN_CONSTANT_CONVERSION = YES;
				CLANG_WARN_DIRECT_OBJC_ISA_USAGE = YES_ERROR;
				CLANG_WARN_EMPTY_BODY = YES;
				CLANG_WARN_ENUM_CONVERSION = YES;
				CLANG_WARN_INT_CONVERSION = YES;
				CLANG_WARN_OBJC_ROOT_CLASS = YES_ERROR;
				CLANG_WARN_UNREACHABLE_CODE = YES;
				CLANG_WARN__DUPLICATE_METHOD_MATCH = YES;
				"CODE_SIGN_IDENTITY[sdk=iphoneos*]" = "iPhone Developer";
				COPY_PHASE_STRIP = NO;
				DEBUG_INFORMATION_FORMAT = "dwarf-with-dsym";
				ENABLE_STRICT_OBJC_MSGSEND = YES;
				GCC_C_LANGUAGE_STANDARD = gnu99;
				GCC_DYNAMIC_NO_PIC = NO;
				GCC_NO_COMMON_BLOCKS = YES;
				GCC_OPTIMIZATION_LEVEL = 0;
				GCC_PREPROCESSOR_DEFINITIONS = (
					"DEBUG=1",
					"$(inherited)",
				);
				GCC_SYMBOLS_PRIVATE_EXTERN = NO;
				GCC_WARN_64_TO_32_BIT_CONVERSION = YES;
				GCC_WARN_ABOUT_RETURN_TYPE = YES_ERROR;
				GCC_WARN_UNDECLARED_SELECTOR = YES;
				GCC_WARN_UNINITIALIZED_AUTOS = YES_AGGRESSIVE;
				GCC_WARN_UNUSED_FUNCTION = YES;
				GCC_WARN_UNUSED_VARIABLE = YES;
				IPHONEOS_DEPLOYMENT_TARGET = 8.3;
				MTL_ENABLE_DEBUG_INFO = YES;
				ONLY_ACTIVE_ARCH = YES;
				SDKROOT = iphoneos;
				SWIFT_OPTIMIZATION_LEVEL = "-Onone";
			};
			name = Debug;
		};
		F6598A711B0C3C82002E4EAA /* Release */ = {
			isa = XCBuildConfiguration;
			buildSettings = {
				ALWAYS_SEARCH_USER_PATHS = NO;
				CLANG_CXX_LANGUAGE_STANDARD = "gnu++0x";
				CLANG_CXX_LIBRARY = "libc++";
				CLANG_ENABLE_MODULES = YES;
				CLANG_ENABLE_OBJC_ARC = YES;
				CLANG_WARN_BOOL_CONVERSION = YES;
				CLANG_WARN_CONSTANT_CONVERSION = YES;
				CLANG_WARN_DIRECT_OBJC_ISA_USAGE = YES_ERROR;
				CLANG_WARN_EMPTY_BODY = YES;
				CLANG_WARN_ENUM_CONVERSION = YES;
				CLANG_WARN_INT_CONVERSION = YES;
				CLANG_WARN_OBJC_ROOT_CLASS = YES_ERROR;
				CLANG_WARN_UNREACHABLE_CODE = YES;
				CLANG_WARN__DUPLICATE_METHOD_MATCH = YES;
				"CODE_SIGN_IDENTITY[sdk=iphoneos*]" = "iPhone Developer";
				COPY_PHASE_STRIP = NO;
				DEBUG_INFORMATION_FORMAT = "dwarf-with-dsym";
				ENABLE_NS_ASSERTIONS = NO;
				ENABLE_STRICT_OBJC_MSGSEND = YES;
				GCC_C_LANGUAGE_STANDARD = gnu99;
				GCC_NO_COMMON_BLOCKS = YES;
				GCC_WARN_64_TO_32_BIT_CONVERSION = YES;
				GCC_WARN_ABOUT_RETURN_TYPE = YES_ERROR;
				GCC_WARN_UNDECLARED_SELECTOR = YES;
				GCC_WARN_UNINITIALIZED_AUTOS = YES_AGGRESSIVE;
				GCC_WARN_UNUSED_FUNCTION = YES;
				GCC_WARN_UNUSED_VARIABLE = YES;
				IPHONEOS_DEPLOYMENT_TARGET = 8.3;
				MTL_ENABLE_DEBUG_INFO = NO;
				SDKROOT = iphoneos;
				VALIDATE_PRODUCT = YES;
			};
			name = Release;
		};
		F6598A731B0C3C82002E4EAA /* Debug */ = {
			isa = XCBuildConfiguration;
			buildSettings = {
				ASSETCATALOG_COMPILER_APPICON_NAME = AppIcon;
				INFOPLIST_FILE = SidebarSwift/Info.plist;
				LD_RUNPATH_SEARCH_PATHS = "$(inherited) @executable_path/Frameworks";
				PRODUCT_NAME = "$(TARGET_NAME)";
			};
			name = Debug;
		};
		F6598A741B0C3C82002E4EAA /* Release */ = {
			isa = XCBuildConfiguration;
			buildSettings = {
				ASSETCATALOG_COMPILER_APPICON_NAME = AppIcon;
				INFOPLIST_FILE = SidebarSwift/Info.plist;
				LD_RUNPATH_SEARCH_PATHS = "$(inherited) @executable_path/Frameworks";
				PRODUCT_NAME = "$(TARGET_NAME)";
			};
			name = Release;
		};
		F6598A761B0C3C82002E4EAA /* Debug */ = {
			isa = XCBuildConfiguration;
			buildSettings = {
				BUNDLE_LOADER = "$(TEST_HOST)";
				FRAMEWORK_SEARCH_PATHS = (
					"$(SDKROOT)/Developer/Library/Frameworks",
					"$(inherited)",
				);
				GCC_PREPROCESSOR_DEFINITIONS = (
					"DEBUG=1",
					"$(inherited)",
				);
				INFOPLIST_FILE = SidebarSwiftTests/Info.plist;
				LD_RUNPATH_SEARCH_PATHS = "$(inherited) @executable_path/Frameworks @loader_path/Frameworks";
				PRODUCT_NAME = "$(TARGET_NAME)";
				TEST_HOST = "$(BUILT_PRODUCTS_DIR)/SidebarSwift.app/SidebarSwift";
			};
			name = Debug;
		};
		F6598A771B0C3C82002E4EAA /* Release */ = {
			isa = XCBuildConfiguration;
			buildSettings = {
				BUNDLE_LOADER = "$(TEST_HOST)";
				FRAMEWORK_SEARCH_PATHS = (
					"$(SDKROOT)/Developer/Library/Frameworks",
					"$(inherited)",
				);
				INFOPLIST_FILE = SidebarSwiftTests/Info.plist;
				LD_RUNPATH_SEARCH_PATHS = "$(inherited) @executable_path/Frameworks @loader_path/Frameworks";
				PRODUCT_NAME = "$(TARGET_NAME)";
				TEST_HOST = "$(BUILT_PRODUCTS_DIR)/SidebarSwift.app/SidebarSwift";
			};
			name = Release;
		};
/* End XCBuildConfiguration section */

/* Begin XCConfigurationList section */
		F6598A4E1B0C3C82002E4EAA /* Build configuration list for PBXProject "SidebarSwift" */ = {
			isa = XCConfigurationList;
			buildConfigurations = (
				F6598A701B0C3C82002E4EAA /* Debug */,
				F6598A711B0C3C82002E4EAA /* Release */,
			);
			defaultConfigurationIsVisible = 0;
			defaultConfigurationName = Release;
		};
		F6598A721B0C3C82002E4EAA /* Build configuration list for PBXNativeTarget "SidebarSwift" */ = {
			isa = XCConfigurationList;
			buildConfigurations = (
				F6598A731B0C3C82002E4EAA /* Debug */,
				F6598A741B0C3C82002E4EAA /* Release */,
			);
			defaultConfigurationIsVisible = 0;
			defaultConfigurationName = Release;
		};
		F6598A751B0C3C82002E4EAA /* Build configuration list for PBXNativeTarget "SidebarSwiftTests" */ = {
			isa = XCConfigurationList;
			buildConfigurations = (
				F6598A761B0C3C82002E4EAA /* Debug */,
				F6598A771B0C3C82002E4EAA /* Release */,
			);
			defaultConfigurationIsVisible = 0;
			defaultConfigurationName = Release;
		};
/* End XCConfigurationList section */
	};
	rootObject = F6598A4B1B0C3C82002E4EAA /* Project object */;
}
